{
  "name": "dsh-wui-plugin-host",
  "lockfileVersion": 3,
  "requires": true,
  "packages": {
    "": {
      "name": "dsh-wui-plugin-host",
      "dependencies": {
        "@dsh-std/command": "0.1.0-rc1",
        "@dsh-std/core": "0.1.0-rc1",
        "@dsh-std/manifest": "0.1.0-rc1",
        "@dsh-std/storage": "0.1.0-rc1"
      },
      "engines": {
        "node": "^22.19 || >=24"
      }
    },
    "node_modules/@dsh-std/command": {
      "version": "0.1.0-rc1",
      "resolved": "https://registry.npmjs.org/@dsh-std/command/-/command-0.1.0-rc1.tgz",
      "integrity": "sha512-xzHh26ze5LE6Gs5gKKlCWj3MWCj1ewQuVund4thBiUDMSHTPtXkiwiujvwidw4u+aFmS3Ske9md2+uPc5m1wpw==",
      "license": "MIT",
      "dependencies": {
        "@dsh-std/connection": "0.1.0-rc1",
        "@dsh-std/core": "0.1.0-rc1",
        "@dsh-std/manifest": "0.1.0-rc1",
        "@dsh-std/presentation": "0.1.0-rc1"
      },
      "engines": {
        "node": "^22.19 || >=24"
      }
    },
    "node_modules/@dsh-std/connection": {
      "version": "0.1.0-rc1",
      "resolved": "https://registry.npmjs.org/@dsh-std/connection/-/connection-0.1.0-rc1.tgz",
      "integrity": "sha512-98fjGqfxnGJurPoMYzjqKl7hBCzLJFvWYmBcej8NxaL6enSuOA1/bpxd0B+tM8LEMyQzLsSAdKwSNL1SH/wGNg==",
      "license": "MIT",
      "dependencies": {
        "@dsh-std/core": "0.1.0-rc1"
      },
      "engines": {
        "node": "^22.19 || >=24"
      }
    },
    "node_modules/@dsh-std/core": {
      "version": "0.1.0-rc1",
      "resolved": "https://registry.npmjs.org/@dsh-std/core/-/core-0.1.0-rc1.tgz",
      "integrity": "sha512-jzr2BpH0wQ+peq0ywA+QazjeO6hRpuXLKd4x3EupozUYzynVkXJzf07xk89c9DzO9yfB1WNh9T+LCGcpxRq8PA==",
      "license": "MIT",
      "engines": {
        "node": "^22.19 || >=24"
      }
    },
    "node_modules/@dsh-std/manifest": {
      "version": "0.1.0-rc1",
      "resolved": "https://registry.npmjs.org/@dsh-std/manifest/-/manifest-0.1.0-rc1.tgz",
      "integrity": "sha512-u4iaXOg8N03tPZYgwPwtrzvy7zODdjriQYolS6SyfYFCo5ojZCsACCPK0NZxQgHTVnQVZr8XMBHt/+GvQ++xmg==",
      "license": "MIT",
      "dependencies": {
        "@dsh-std/core": "0.1.0-rc1"
      },
      "engines": {
        "node": "^22.19 || >=24"
      }
    },
    "node_modules/@dsh-std/presentation": {
      "version": "0.1.0-rc1",
      "resolved": "https://registry.npmjs.org/@dsh-std/presentation/-/presentation-0.1.0-rc1.tgz",
      "integrity": "sha512-5yqXp+QJa/uSQm2IrfriqYGvf6EvmUCluWIRkH6hTJNNhYMcTUb3aFhLJCA8SlCt96912zy4LHinUbiYZqfH8A==",
      "license": "MIT",
      "dependencies": {
        "@dsh-std/connection": "0.1.0-rc1",
        "@dsh-std/core": "0.1.0-rc1"
      },
      "engines": {
        "node": "^22.19 || >=24"
      }
    },
    "node_modules/@dsh-std/storage": {
      "version": "0.1.0-rc1",
      "resolved": "https://registry.npmjs.org/@dsh-std/storage/-/storage-0.1.0-rc1.tgz",
      "integrity": "sha512-WXIb3v6Gc+6OIsVJS8Bg1PsjRTV5gsWautQRzAAbHh+E2l+ceIVlAH9Ujrvc7n5fQB1emXRHJmylsh2Mjt7PAw==",
      "license": "MIT",
      "dependencies": {
        "@dsh-std/core": "0.1.0-rc1"
      },
      "engines": {
        "node": "^22.19 || >=24"
      }
    }
  }
}
